// !$*UTF8*$!
{
	archiveVersion = 1;
	classes = {
	};
	objectVersion = 70;
	objects = {

/* Begin PBXBuildFile section */
		0C868D0691DBC8E51CDE47F1 /* PlayerStatsView.swift in Sources */ = {isa = PBXBuildFile; fileRef = 0DAF13FC4DEED98FAB0D95E6 /* PlayerStatsView.swift */; };
		0D6DF8FB4609AB65DA6DF398 /* ScoreActionIntent.swift in Sources */ = {isa = PBXBuildFile; fileRef = 7DC178A58BCB850BCC7656C7 /* ScoreActionIntent.swift */; };
		24291A59BD72DA032667A808 /* PersistenceKeys.swift in Sources */ = {isa = PBXBuildFile; fileRef = 915F62DCF34D221D12B1EFD0 /* PersistenceKeys.swift */; };
		2437AADC2FBC6DBC0067E1F9 /* PingPongWatch Watch App.app in Embed Watch Content */ = {isa = PBXBuildFile; fileRef = 2437AAD22FBC6DBA0067E1F9 /* PingPongWatch Watch App.app */; settings = {ATTRIBUTES = (RemoveHeadersOnCopy, ); }; };
		2437AAEE2FBC6F9D0067E1F9 /* WidgetKit.framework in Frameworks */ = {isa = PBXBuildFile; fileRef = 2437AAED2FBC6F9D0067E1F9 /* WidgetKit.framework */; };
		2437AAF02FBC6F9D0067E1F9 /* SwiftUI.framework in Frameworks */ = {isa = PBXBuildFile; fileRef = 2437AAEF2FBC6F9D0067E1F9 /* SwiftUI.framework */; };
		2437AAFD2FBC6F9F0067E1F9 /* PingPongWidgetExtension.appex in Embed Foundation Extensions */ = {isa = PBXBuildFile; fileRef = 2437AAEB2FBC6F9D0067E1F9 /* PingPongWidgetExtension.appex */; settings = {ATTRIBUTES = (RemoveHeadersOnCopy, ); }; };
		2437AAFF2FBC6F9D0067E999 /* PingPongAttributes.swift in Sources */ = {isa = PBXBuildFile; fileRef = D60000FE2C1E000100000001 /* PingPongAttributes.swift */; };
		24462125F686CAC017E571B5 /* SoundManager.swift in Sources */ = {isa = PBXBuildFile; fileRef = C0058B47AD6316BF398F29EA /* SoundManager.swift */; };
		410E3ADEFD8645802D28760A /* MatchClock.swift in Sources */ = {isa = PBXBuildFile; fileRef = 8F841BF32AD3B5EE66FBDF28 /* MatchClock.swift */; };
		412798FFAF8187068C24BBF9 /* ShareCardView.swift in Sources */ = {isa = PBXBuildFile; fileRef = 8F112F9944DDCEE082357BD5 /* ShareCardView.swift */; };
		5ED9BA0DA6A377FBBCE36474 /* MatchRecord.swift in Sources */ = {isa = PBXBuildFile; fileRef = 312920883E35F7E396B20EAB /* MatchRecord.swift */; };
		6ED93C59FEA449DBD2852724 /* StatsAggregates.swift in Sources */ = {isa = PBXBuildFile; fileRef = A5AA09F01976064B09B9010A /* StatsAggregates.swift */; };
		77957DE389CE4E2A79308786 /* RosterPlayer.swift in Sources */ = {isa = PBXBuildFile; fileRef = 467D054CFF0A5A328AD9747E /* RosterPlayer.swift */; };
		99506D653737170AC6C5CB3D /* CloudSync.swift in Sources */ = {isa = PBXBuildFile; fileRef = B285050DC036A0536A669D26 /* CloudSync.swift */; };
		9C5A3341F0B37221B319405E /* SetRecord.swift in Sources */ = {isa = PBXBuildFile; fileRef = 44C46D09540DD626E05DD650 /* SetRecord.swift */; };
		A2A279621F767263880BA937 /* SharedStore.swift in Sources */ = {isa = PBXBuildFile; fileRef = 35A044F00CE9DD88850DF7D7 /* SharedStore.swift */; };
		AA6457626CF077CE4319CB69 /* DoublesSetupView.swift in Sources */ = {isa = PBXBuildFile; fileRef = 0547B03605021680A9441055 /* DoublesSetupView.swift */; };
		C9A18AA34B54985562421F19 /* MatchExport.swift in Sources */ = {isa = PBXBuildFile; fileRef = DD010311A82B56E4260082A0 /* MatchExport.swift */; };
		CA3A79B8DA6C3917A475AF2F /* DoublesRosterStrip.swift in Sources */ = {isa = PBXBuildFile; fileRef = 4FDAB47C7AA23C5E7FE4FF43 /* DoublesRosterStrip.swift */; };
		D0F34EE11A2C4BFB1E5109D1 /* DoublesLineup.swift in Sources */ = {isa = PBXBuildFile; fileRef = 6323836537294B73BD08F7F9 /* DoublesLineup.swift */; };
		D60000012C1E000100000001 /* PingPongApp.swift in Sources */ = {isa = PBXBuildFile; fileRef = D60000022C1E000100000001 /* PingPongApp.swift */; };
		D60000032C1E000100000001 /* ContentView.swift in Sources */ = {isa = PBXBuildFile; fileRef = D60000042C1E000100000001 /* ContentView.swift */; };
		D60000052C1E000100000001 /* ScoreViewModel.swift in Sources */ = {isa = PBXBuildFile; fileRef = D60000062C1E000100000001 /* ScoreViewModel.swift */; };
		D60000072C1E000100000001 /* SettingsView.swift in Sources */ = {isa = PBXBuildFile; fileRef = D60000082C1E000100000001 /* SettingsView.swift */; };
		D60000092C1E000100000001 /* HapticManager.swift in Sources */ = {isa = PBXBuildFile; fileRef = D600000A2C1E000100000001 /* HapticManager.swift */; };
		D600000B2C1E000100000001 /* SpeechManager.swift in Sources */ = {isa = PBXBuildFile; fileRef = D600000C2C1E000100000001 /* SpeechManager.swift */; };
		D600000D2C1E000200000001 /* Assets.xcassets in Resources */ = {isa = PBXBuildFile; fileRef = D600000E2C1E000200000001 /* Assets.xcassets */; };
		D60000FB2C1E000100000001 /* Localized.swift in Sources */ = {isa = PBXBuildFile; fileRef = D60000FA2C1E000100000001 /* Localized.swift */; };
		D60000FD2C1E000100000001 /* LiveActivityManager.swift in Sources */ = {isa = PBXBuildFile; fileRef = D60000FC2C1E000100000001 /* LiveActivityManager.swift */; };
		D60000FF2C1E000100000001 /* PingPongAttributes.swift in Sources */ = {isa = PBXBuildFile; fileRef = D60000FE2C1E000100000001 /* PingPongAttributes.swift */; };
		D60001002C20000100000001 /* PrivacyInfo.xcprivacy in Resources */ = {isa = PBXBuildFile; fileRef = D60001012C20000100000001 /* PrivacyInfo.xcprivacy */; };
		D665F0BA7C628BE7DF94F17C /* MatchDetailView.swift in Sources */ = {isa = PBXBuildFile; fileRef = 9D5F7EB981D21C46457EC1C2 /* MatchDetailView.swift */; };
		E2F3697BE64D09266F96446A /* ScoreActionIntent.swift in Sources */ = {isa = PBXBuildFile; fileRef = 7DC178A58BCB850BCC7656C7 /* ScoreActionIntent.swift */; };
		F86B693A269AA76FF2B9CF15 /* AppTheme.swift in Sources */ = {isa = PBXBuildFile; fileRef = 0A1081208582FFBCDA00AC39 /* AppTheme.swift */; };
		FB793DE97246324A40064C9C /* RosterView.swift in Sources */ = {isa = PBXBuildFile; fileRef = 96A94DB38CEEC7AD94DD9605 /* RosterView.swift */; };
		FD35F9CD2171078F3395964C /* StatsView.swift in Sources */ = {isa = PBXBuildFile; fileRef = 31D77C6C89BAE11AF0E6E0ED /* StatsView.swift */; };
/* End PBXBuildFile section */

/* Begin PBXContainerItemProxy section */
		2437AADA2FBC6DBC0067E1F9 /* PBXContainerItemProxy */ = {
			isa = PBXContainerItemProxy;
			containerPortal = D60000182C1E000200000001 /* Project object */;
			proxyType = 1;
			remoteGlobalIDString = 2437AAD12FBC6DBA0067E1F9;
			remoteInfo = "PingPongWatch Watch App";
		};
		2437AAFB2FBC6F9F0067E1F9 /* PBXContainerItemProxy */ = {
			isa = PBXContainerItemProxy;
			containerPortal = D60000182C1E000200000001 /* Project object */;
			proxyType = 1;
			remoteGlobalIDString = 2437AAEA2FBC6F9D0067E1F9;
			remoteInfo = PingPongWidgetExtension;
		};
/* End PBXContainerItemProxy section */

/* Begin PBXCopyFilesBuildPhase section */
		2437AADD2FBC6DBC0067E1F9 /* Embed Watch Content */ = {
			isa = PBXCopyFilesBuildPhase;
			buildActionMask = 2147483647;
			dstPath = "$(CONTENTS_FOLDER_PATH)/Watch";
			dstSubfolderSpec = 16;
			files = (
				2437AADC2FBC6DBC0067E1F9 /* PingPongWatch Watch App.app in Embed Watch Content */,
			);
			name = "Embed Watch Content";
			runOnlyForDeploymentPostprocessing = 0;
		};
		2437AB022FBC6F9F0067E1F9 /* Embed Foundation Extensions */ = {
			isa = PBXCopyFilesBuildPhase;
			buildActionMask = 2147483647;
			dstPath = "";
			dstSubfolderSpec = 13;
			files = (
				2437AAFD2FBC6F9F0067E1F9 /* PingPongWidgetExtension.appex in Embed Foundation Extensions */,
			);
			name = "Embed Foundation Extensions";
			runOnlyForDeploymentPostprocessing = 0;
		};
/* End PBXCopyFilesBuildPhase section */

/* Begin PBXFileReference section */
		0547B03605021680A9441055 /* DoublesSetupView.swift */ = {isa = PBXFileReference; lastKnownFileType = sourcecode.swift; path = DoublesSetupView.swift; sourceTree = "<group>"; };
		0A1081208582FFBCDA00AC39 /* AppTheme.swift */ = {isa = PBXFileReference; lastKnownFileType = sourcecode.swift; path = AppTheme.swift; sourceTree = "<group>"; };
		0DAF13FC4DEED98FAB0D95E6 /* PlayerStatsView.swift */ = {isa = PBXFileReference; lastKnownFileType = sourcecode.swift; path = PlayerStatsView.swift; sourceTree = "<group>"; };
		2437AAD22FBC6DBA0067E1F9 /* PingPongWatch Watch App.app */ = {isa = PBXFileReference; explicitFileType = wrapper.application; includeInIndex = 0; path = "PingPongWatch Watch App.app"; sourceTree = BUILT_PRODUCTS_DIR; };
		2437AAEB2FBC6F9D0067E1F9 /* PingPongWidgetExtension.appex */ = {isa = PBXFileReference; explicitFileType = "wrapper.app-extension"; includeInIndex = 0; path = PingPongWidgetExtension.appex; sourceTree = BUILT_PRODUCTS_DIR; };
		2437AAED2FBC6F9D0067E1F9 /* WidgetKit.framework */ = {isa = PBXFileReference; lastKnownFileType = wrapper.framework; name = WidgetKit.framework; path = System/Library/Frameworks/WidgetKit.framework; sourceTree = SDKROOT; };
		2437AAEF2FBC6F9D0067E1F9 /* SwiftUI.framework */ = {isa = PBXFileReference; lastKnownFileType = wrapper.framework; name = SwiftUI.framework; path = System/Library/Frameworks/SwiftUI.framework; sourceTree = SDKROOT; };
		24EDE0483021C46D007770CB /* PingPong.entitlements */ = {isa = PBXFileReference; lastKnownFileType = text.plist.entitlements; path = PingPong.entitlements; sourceTree = "<group>"; };
		24EDE0493021C4AA007770CB /* PingPongWidgetExtension.entitlements */ = {isa = PBXFileReference; lastKnownFileType = text.plist.entitlements; path = PingPongWidgetExtension.entitlements; sourceTree = "<group>"; };
		312920883E35F7E396B20EAB /* MatchRecord.swift */ = {isa = PBXFileReference; lastKnownFileType = sourcecode.swift; path = MatchRecord.swift; sourceTree = "<group>"; };
		31D77C6C89BAE11AF0E6E0ED /* StatsView.swift */ = {isa = PBXFileReference; lastKnownFileType = sourcecode.swift; path = StatsView.swift; sourceTree = "<group>"; };
		35A044F00CE9DD88850DF7D7 /* SharedStore.swift */ = {isa = PBXFileReference; lastKnownFileType = sourcecode.swift; path = SharedStore.swift; sourceTree = "<group>"; };
		44C46D09540DD626E05DD650 /* SetRecord.swift */ = {isa = PBXFileReference; lastKnownFileType = sourcecode.swift; path = SetRecord.swift; sourceTree = "<group>"; };
		467D054CFF0A5A328AD9747E /* RosterPlayer.swift */ = {isa = PBXFileReference; lastKnownFileType = sourcecode.swift; path = RosterPlayer.swift; sourceTree = "<group>"; };
		4FDAB47C7AA23C5E7FE4FF43 /* DoublesRosterStrip.swift */ = {isa = PBXFileReference; lastKnownFileType = sourcecode.swift; path = DoublesRosterStrip.swift; sourceTree = "<group>"; };
		6323836537294B73BD08F7F9 /* DoublesLineup.swift */ = {isa = PBXFileReference; lastKnownFileType = sourcecode.swift; path = DoublesLineup.swift; sourceTree = "<group>"; };
		7DC178A58BCB850BCC7656C7 /* ScoreActionIntent.swift */ = {isa = PBXFileReference; lastKnownFileType = sourcecode.swift; path = ScoreActionIntent.swift; sourceTree = "<group>"; };
		8F112F9944DDCEE082357BD5 /* ShareCardView.swift */ = {isa = PBXFileReference; lastKnownFileType = sourcecode.swift; path = ShareCardView.swift; sourceTree = "<group>"; };
		8F841BF32AD3B5EE66FBDF28 /* MatchClock.swift */ = {isa = PBXFileReference; lastKnownFileType = sourcecode.swift; path = MatchClock.swift; sourceTree = "<group>"; };
		915F62DCF34D221D12B1EFD0 /* PersistenceKeys.swift */ = {isa = PBXFileReference; lastKnownFileType = sourcecode.swift; path = PersistenceKeys.swift; sourceTree = "<group>"; };
		96A94DB38CEEC7AD94DD9605 /* RosterView.swift */ = {isa = PBXFileReference; lastKnownFileType = sourcecode.swift; path = RosterView.swift; sourceTree = "<group>"; };
		9D5F7EB981D21C46457EC1C2 /* MatchDetailView.swift */ = {isa = PBXFileReference; lastKnownFileType = sourcecode.swift; path = MatchDetailView.swift; sourceTree = "<group>"; };
		A5AA09F01976064B09B9010A /* StatsAggregates.swift */ = {isa = PBXFileReference; lastKnownFileType = sourcecode.swift; path = StatsAggregates.swift; sourceTree = "<group>"; };
		B285050DC036A0536A669D26 /* CloudSync.swift */ = {isa = PBXFileReference; lastKnownFileType = sourcecode.swift; path = CloudSync.swift; sourceTree = "<group>"; };
		C0058B47AD6316BF398F29EA /* SoundManager.swift */ = {isa = PBXFileReference; lastKnownFileType = sourcecode.swift; path = SoundManager.swift; sourceTree = "<group>"; };
		D60000022C1E000100000001 /* PingPongApp.swift */ = {isa = PBXFileReference; lastKnownFileType = sourcecode.swift; path = PingPongApp.swift; sourceTree = "<group>"; };
		D60000042C1E000100000001 /* ContentView.swift */ = {isa = PBXFileReference; lastKnownFileType = sourcecode.swift; path = ContentView.swift; sourceTree = "<group>"; };
		D60000062C1E000100000001 /* ScoreViewModel.swift */ = {isa = PBXFileReference; lastKnownFileType = sourcecode.swift; path = ScoreViewModel.swift; sourceTree = "<group>"; };
		D60000082C1E000100000001 /* SettingsView.swift */ = {isa = PBXFileReference; lastKnownFileType = sourcecode.swift; path = SettingsView.swift; sourceTree = "<group>"; };
		D600000A2C1E000100000001 /* HapticManager.swift */ = {isa = PBXFileReference; lastKnownFileType = sourcecode.swift; path = HapticManager.swift; sourceTree = "<group>"; };
		D600000C2C1E000100000001 /* SpeechManager.swift */ = {isa = PBXFileReference; lastKnownFileType = sourcecode.swift; path = SpeechManager.swift; sourceTree = "<group>"; };
		D600000E2C1E000200000001 /* Assets.xcassets */ = {isa = PBXFileReference; lastKnownFileType = folder.assetcatalog; path = Assets.xcassets; sourceTree = "<group>"; };
		D600000F2C1E000200000001 /* Ping Pong Counter.app */ = {isa = PBXFileReference; explicitFileType = wrapper.application; includeInIndex = 0; path = "Ping Pong Counter.app"; sourceTree = BUILT_PRODUCTS_DIR; };
		D60000FA2C1E000100000001 /* Localized.swift */ = {isa = PBXFileReference; lastKnownFileType = sourcecode.swift; path = Localized.swift; sourceTree = "<group>"; };
		D60000FC2C1E000100000001 /* LiveActivityManager.swift */ = {isa = PBXFileReference; lastKnownFileType = sourcecode.swift; path = LiveActivityManager.swift; sourceTree = "<group>"; };
		D60000FE2C1E000100000001 /* PingPongAttributes.swift */ = {isa = PBXFileReference; lastKnownFileType = sourcecode.swift; path = PingPongAttributes.swift; sourceTree = "<group>"; };
		D60001012C20000100000001 /* PrivacyInfo.xcprivacy */ = {isa = PBXFileReference; lastKnownFileType = text.xml; path = PrivacyInfo.xcprivacy; sourceTree = "<group>"; };
		D60001022C20000100000001 /* Info.plist */ = {isa = PBXFileReference; lastKnownFileType = text.plist.xml; path = Info.plist; sourceTree = "<group>"; };
		DD010311A82B56E4260082A0 /* MatchExport.swift */ = {isa = PBXFileReference; lastKnownFileType = sourcecode.swift; path = MatchExport.swift; sourceTree = "<group>"; };
/* End PBXFileReference section */

/* Begin PBXFileSystemSynchronizedBuildFileExceptionSet section */
		2437AAFE2FBC6F9F0067E1F9 /* PBXFileSystemSynchronizedBuildFileExceptionSet */ = {
			isa = PBXFileSystemSynchronizedBuildFileExceptionSet;
			membershipExceptions = (
				Info.plist,
			);
			target = 2437AAEA2FBC6F9D0067E1F9 /* PingPongWidgetExtension */;
		};
/* End PBXFileSystemSynchronizedBuildFileExceptionSet section */

/* Begin PBXFileSystemSynchronizedRootGroup section */
		2437AAD32FBC6DBA0067E1F9 /* PingPongWatch Watch App */ = {isa = PBXFileSystemSynchronizedRootGroup; explicitFileTypes = {}; explicitFolders = (); path = "PingPongWatch Watch App"; sourceTree = "<group>"; };
		2437AAF12FBC6F9D0067E1F9 /* PingPongWidget */ = {isa = PBXFileSystemSynchronizedRootGroup; exceptions = (2437AAFE2FBC6F9F0067E1F9 /* PBXFileSystemSynchronizedBuildFileExceptionSet */, ); explicitFileTypes = {}; explicitFolders = (); path = PingPongWidget; sourceTree = "<group>"; };
/* End PBXFileSystemSynchronizedRootGroup section */

/* Begin PBXFrameworksBuildPhase section */
		2437AACF2FBC6DBA0067E1F9 /* Frameworks */ = {
			isa = PBXFrameworksBuildPhase;
			buildActionMask = 2147483647;
			files = (
			);
			runOnlyForDeploymentPostprocessing = 0;
		};
		2437AAE82FBC6F9D0067E1F9 /* Frameworks */ = {
			isa = PBXFrameworksBuildPhase;
			buildActionMask = 2147483647;
			files = (
				2437AAF02FBC6F9D0067E1F9 /* SwiftUI.framework in Frameworks */,
				2437AAEE2FBC6F9D0067E1F9 /* WidgetKit.framework in Frameworks */,
			);
			runOnlyForDeploymentPostprocessing = 0;
		};
		D60000102C1E000200000001 /* Frameworks */ = {
			isa = PBXFrameworksBuildPhase;
			buildActionMask = 2147483647;
			files = (
			);
			runOnlyForDeploymentPostprocessing = 0;
		};
/* End PBXFrameworksBuildPhase section */

/* Begin PBXGroup section */
		2437AAEC2FBC6F9D0067E1F9 /* Frameworks */ = {
			isa = PBXGroup;
			children = (
				2437AAED2FBC6F9D0067E1F9 /* WidgetKit.framework */,
				2437AAEF2FBC6F9D0067E1F9 /* SwiftUI.framework */,
			);
			name = Frameworks;
			sourceTree = "<group>";
		};
		D60000112C1E000200000001 = {
			isa = PBXGroup;
			children = (
				24EDE0493021C4AA007770CB /* PingPongWidgetExtension.entitlements */,
				D60000132C1E000200000001 /* PingPong */,
				2437AAD32FBC6DBA0067E1F9 /* PingPongWatch Watch App */,
				2437AAF12FBC6F9D0067E1F9 /* PingPongWidget */,
				2437AAEC2FBC6F9D0067E1F9 /* Frameworks */,
				D60000122C1E000200000001 /* Products */,
			);
			sourceTree = "<group>";
		};
		D60000122C1E000200000001 /* Products */ = {
			isa = PBXGroup;
			children = (
				D600000F2C1E000200000001 /* Ping Pong Counter.app */,
				2437AAD22FBC6DBA0067E1F9 /* PingPongWatch Watch App.app */,
				2437AAEB2FBC6F9D0067E1F9 /* PingPongWidgetExtension.appex */,
			);
			name = Products;
			sourceTree = "<group>";
		};
		D60000132C1E000200000001 /* PingPong */ = {
			isa = PBXGroup;
			children = (
				24EDE0483021C46D007770CB /* PingPong.entitlements */,
				B285050DC036A0536A669D26 /* CloudSync.swift */,
				DD010311A82B56E4260082A0 /* MatchExport.swift */,
				915F62DCF34D221D12B1EFD0 /* PersistenceKeys.swift */,
				8F112F9944DDCEE082357BD5 /* ShareCardView.swift */,
				7DC178A58BCB850BCC7656C7 /* ScoreActionIntent.swift */,
				35A044F00CE9DD88850DF7D7 /* SharedStore.swift */,
				4FDAB47C7AA23C5E7FE4FF43 /* DoublesRosterStrip.swift */,
				0547B03605021680A9441055 /* DoublesSetupView.swift */,
				6323836537294B73BD08F7F9 /* DoublesLineup.swift */,
				31D77C6C89BAE11AF0E6E0ED /* StatsView.swift */,
				A5AA09F01976064B09B9010A /* StatsAggregates.swift */,
				312920883E35F7E396B20EAB /* MatchRecord.swift */,
				0DAF13FC4DEED98FAB0D95E6 /* PlayerStatsView.swift */,
				96A94DB38CEEC7AD94DD9605 /* RosterView.swift */,
				467D054CFF0A5A328AD9747E /* RosterPlayer.swift */,
				9D5F7EB981D21C46457EC1C2 /* MatchDetailView.swift */,
				0A1081208582FFBCDA00AC39 /* AppTheme.swift */,
				44C46D09540DD626E05DD650 /* SetRecord.swift */,
				C0058B47AD6316BF398F29EA /* SoundManager.swift */,
				8F841BF32AD3B5EE66FBDF28 /* MatchClock.swift */,
				D60000022C1E000100000001 /* PingPongApp.swift */,
				D60000042C1E000100000001 /* ContentView.swift */,
				D60000062C1E000100000001 /* ScoreViewModel.swift */,
				D60000082C1E000100000001 /* SettingsView.swift */,
				D600000A2C1E000100000001 /* HapticManager.swift */,
				D600000C2C1E000100000001 /* SpeechManager.swift */,
				D600000E2C1E000200000001 /* Assets.xcassets */,
				D60000FE2C1E000100000001 /* PingPongAttributes.swift */,
				D60000FC2C1E000100000001 /* LiveActivityManager.swift */,
				D60000FA2C1E000100000001 /* Localized.swift */,
				D60001022C20000100000001 /* Info.plist */,
				D60001012C20000100000001 /* PrivacyInfo.xcprivacy */,
			);
			path = PingPong;
			sourceTree = "<group>";
		};
/* End PBXGroup section */

/* Begin PBXNativeTarget section */
		2437AAD12FBC6DBA0067E1F9 /* PingPongWatch Watch App */ = {
			isa = PBXNativeTarget;
			buildConfigurationList = 2437AAE02FBC6DBC0067E1F9 /* Build configuration list for PBXNativeTarget "PingPongWatch Watch App" */;
			buildPhases = (
				2437AACE2FBC6DBA0067E1F9 /* Sources */,
				2437AACF2FBC6DBA0067E1F9 /* Frameworks */,
				2437AAD02FBC6DBA0067E1F9 /* Resources */,
			);
			buildRules = (
			);
			dependencies = (
			);
			fileSystemSynchronizedGroups = (
				2437AAD32FBC6DBA0067E1F9 /* PingPongWatch Watch App */,
			);
			name = "PingPongWatch Watch App";
			packageProductDependencies = (
			);
			productName = "PingPongWatch Watch App";
			productReference = 2437AAD22FBC6DBA0067E1F9 /* PingPongWatch Watch App.app */;
			productType = "com.apple.product-type.application";
		};
		2437AAEA2FBC6F9D0067E1F9 /* PingPongWidgetExtension */ = {
			isa = PBXNativeTarget;
			buildConfigurationList = 2437AAFF2FBC6F9F0067E1F9 /* Build configuration list for PBXNativeTarget "PingPongWidgetExtension" */;
			buildPhases = (
				2437AAE72FBC6F9D0067E1F9 /* Sources */,
				2437AAE82FBC6F9D0067E1F9 /* Frameworks */,
				2437AAE92FBC6F9D0067E1F9 /* Resources */,
			);
			buildRules = (
			);
			dependencies = (
			);
			fileSystemSynchronizedGroups = (
				2437AAF12FBC6F9D0067E1F9 /* PingPongWidget */,
			);
			name = PingPongWidgetExtension;
			packageProductDependencies = (
			);
			productName = PingPongWidgetExtension;
			productReference = 2437AAEB2FBC6F9D0067E1F9 /* PingPongWidgetExtension.appex */;
			productType = "com.apple.product-type.app-extension";
		};
		D60000142C1E000200000001 /* PingPong */ = {
			isa = PBXNativeTarget;
			buildConfigurationList = D60000152C1E000200000001 /* Build configuration list for PBXNativeTarget "PingPong" */;
			buildPhases = (
				D60000162C1E000200000001 /* Sources */,
				D60000102C1E000200000001 /* Frameworks */,
				D60000172C1E000200000001 /* Resources */,
				2437AADD2FBC6DBC0067E1F9 /* Embed Watch Content */,
				2437AB022FBC6F9F0067E1F9 /* Embed Foundation Extensions */,
			);
			buildRules = (
			);
			dependencies = (
				2437AADB2FBC6DBC0067E1F9 /* PBXTargetDependency */,
				2437AAFC2FBC6F9F0067E1F9 /* PBXTargetDependency */,
			);
			name = PingPong;
			productName = PingPong;
			productReference = D600000F2C1E000200000001 /* Ping Pong Counter.app */;
			productType = "com.apple.product-type.application";
		};
/* End PBXNativeTarget section */

/* Begin PBXProject section */
		D60000182C1E000200000001 /* Project object */ = {
			isa = PBXProject;
			attributes = {
				BuildIndependentTargetsInParallel = 1;
				LastSwiftUpdateCheck = 2650;
				LastUpgradeCheck = 2660;
				TargetAttributes = {
					2437AAD12FBC6DBA0067E1F9 = {
						CreatedOnToolsVersion = 26.5;
					};
					2437AAEA2FBC6F9D0067E1F9 = {
						CreatedOnToolsVersion = 26.5;
					};
					D60000142C1E000200000001 = {
						CreatedOnToolsVersion = 15.0;
						LastSwiftMigration = 1500;
					};
				};
			};
			buildConfigurationList = D60000192C1E000200000001 /* Build configuration list for PBXProject "PingPong" */;
			compatibilityVersion = "Xcode 14.0";
			developmentRegion = en;
			hasScannedForEncodings = 0;
			knownRegions = (
				en,
				Base,
			);
			mainGroup = D60000112C1E000200000001;
			productRefGroup = D60000122C1E000200000001 /* Products */;
			projectDirPath = "";
			projectRoot = "";
			targets = (
				D60000142C1E000200000001 /* PingPong */,
				2437AAD12FBC6DBA0067E1F9 /* PingPongWatch Watch App */,
				2437AAEA2FBC6F9D0067E1F9 /* PingPongWidgetExtension */,
			);
		};
/* End PBXProject section */

/* Begin PBXResourcesBuildPhase section */
		2437AAD02FBC6DBA0067E1F9 /* Resources */ = {
			isa = PBXResourcesBuildPhase;
			buildActionMask = 2147483647;
			files = (
			);
			runOnlyForDeploymentPostprocessing = 0;
		};
		2437AAE92FBC6F9D0067E1F9 /* Resources */ = {
			isa = PBXResourcesBuildPhase;
			buildActionMask = 2147483647;
			files = (
			);
			runOnlyForDeploymentPostprocessing = 0;
		};
		D60000172C1E000200000001 /* Resources */ = {
			isa = PBXResourcesBuildPhase;
			buildActionMask = 2147483647;
			files = (
				D600000D2C1E000200000001 /* Assets.xcassets in Resources */,
				D60001002C20000100000001 /* PrivacyInfo.xcprivacy in Resources */,
			);
			runOnlyForDeploymentPostprocessing = 0;
		};
/* End PBXResourcesBuildPhase section */

/* Begin PBXSourcesBuildPhase section */
		2437AACE2FBC6DBA0067E1F9 /* Sources */ = {
			isa = PBXSourcesBuildPhase;
			buildActionMask = 2147483647;
			files = (
			);
			runOnlyForDeploymentPostprocessing = 0;
		};
		2437AAE72FBC6F9D0067E1F9 /* Sources */ = {
			isa = PBXSourcesBuildPhase;
			buildActionMask = 2147483647;
			files = (
				0D6DF8FB4609AB65DA6DF398 /* ScoreActionIntent.swift in Sources */,
				2437AAFF2FBC6F9D0067E999 /* PingPongAttributes.swift in Sources */,
			);
			runOnlyForDeploymentPostprocessing = 0;
		};
		D60000162C1E000200000001 /* Sources */ = {
			isa = PBXSourcesBuildPhase;
			buildActionMask = 2147483647;
			files = (
				99506D653737170AC6C5CB3D /* CloudSync.swift in Sources */,
				C9A18AA34B54985562421F19 /* MatchExport.swift in Sources */,
				24291A59BD72DA032667A808 /* PersistenceKeys.swift in Sources */,
				412798FFAF8187068C24BBF9 /* ShareCardView.swift in Sources */,
				E2F3697BE64D09266F96446A /* ScoreActionIntent.swift in Sources */,
				A2A279621F767263880BA937 /* SharedStore.swift in Sources */,
				CA3A79B8DA6C3917A475AF2F /* DoublesRosterStrip.swift in Sources */,
				AA6457626CF077CE4319CB69 /* DoublesSetupView.swift in Sources */,
				D0F34EE11A2C4BFB1E5109D1 /* DoublesLineup.swift in Sources */,
				FD35F9CD2171078F3395964C /* StatsView.swift in Sources */,
				6ED93C59FEA449DBD2852724 /* StatsAggregates.swift in Sources */,
				5ED9BA0DA6A377FBBCE36474 /* MatchRecord.swift in Sources */,
				0C868D0691DBC8E51CDE47F1 /* PlayerStatsView.swift in Sources */,
				FB793DE97246324A40064C9C /* RosterView.swift in Sources */,
				77957DE389CE4E2A79308786 /* RosterPlayer.swift in Sources */,
				D665F0BA7C628BE7DF94F17C /* MatchDetailView.swift in Sources */,
				F86B693A269AA76FF2B9CF15 /* AppTheme.swift in Sources */,
				9C5A3341F0B37221B319405E /* SetRecord.swift in Sources */,
				24462125F686CAC017E571B5 /* SoundManager.swift in Sources */,
				410E3ADEFD8645802D28760A /* MatchClock.swift in Sources */,
				D60000012C1E000100000001 /* PingPongApp.swift in Sources */,
				D60000032C1E000100000001 /* ContentView.swift in Sources */,
				D60000052C1E000100000001 /* ScoreViewModel.swift in Sources */,
				D60000072C1E000100000001 /* SettingsView.swift in Sources */,
				D60000092C1E000100000001 /* HapticManager.swift in Sources */,
				D600000B2C1E000100000001 /* SpeechManager.swift in Sources */,
				D60000FF2C1E000100000001 /* PingPongAttributes.swift in Sources */,
				D60000FD2C1E000100000001 /* LiveActivityManager.swift in Sources */,
				D60000FB2C1E000100000001 /* Localized.swift in Sources */,
			);
			runOnlyForDeploymentPostprocessing = 0;
		};
/* End PBXSourcesBuildPhase section */

/* Begin PBXTargetDependency section */
		2437AADB2FBC6DBC0067E1F9 /* PBXTargetDependency */ = {
			isa = PBXTargetDependency;
			target = 2437AAD12FBC6DBA0067E1F9 /* PingPongWatch Watch App */;
			targetProxy = 2437AADA2FBC6DBC0067E1F9 /* PBXContainerItemProxy */;
		};
		2437AAFC2FBC6F9F0067E1F9 /* PBXTargetDependency */ = {
			isa = PBXTargetDependency;
			target = 2437AAEA2FBC6F9D0067E1F9 /* PingPongWidgetExtension */;
			targetProxy = 2437AAFB2FBC6F9F0067E1F9 /* PBXContainerItemProxy */;
		};
/* End PBXTargetDependency section */

/* Begin XCBuildConfiguration section */
		2437AADE2FBC6DBC0067E1F9 /* Debug */ = {
			isa = XCBuildConfiguration;
			buildSettings = {
				ASSETCATALOG_COMPILER_APPICON_NAME = AppIcon;
				ASSETCATALOG_COMPILER_GENERATE_SWIFT_ASSET_SYMBOL_EXTENSIONS = YES;
				ASSETCATALOG_COMPILER_GLOBAL_ACCENT_COLOR_NAME = AccentColor;
				CLANG_WARN_DIRECT_OBJC_ISA_USAGE = YES_ERROR;
				CODE_SIGN_STYLE = Automatic;
				CURRENT_PROJECT_VERSION = 3;
				ENABLE_PREVIEWS = YES;
				ENABLE_USER_SCRIPT_SANDBOXING = YES;
				GENERATE_INFOPLIST_FILE = YES;
				INFOPLIST_KEY_CFBundleDisplayName = PingPongWatch;
				INFOPLIST_KEY_UISupportedInterfaceOrientations = "UIInterfaceOrientationPortrait UIInterfaceOrientationPortraitUpsideDown";
				INFOPLIST_KEY_WKCompanionAppBundleIdentifier = com.simo.pingpong;
				LD_RUNPATH_SEARCH_PATHS = (
					"$(inherited)",
					"@executable_path/Frameworks",
				);
				LOCALIZATION_PREFERS_STRING_CATALOGS = YES;
				MARKETING_VERSION = 2.0;
				PRODUCT_BUNDLE_IDENTIFIER = com.simo.pingpong.watchkitapp;
				PRODUCT_NAME = "$(TARGET_NAME)";
				SDKROOT = watchos;
				SKIP_INSTALL = YES;
				STRING_CATALOG_GENERATE_SYMBOLS = YES;
				SWIFT_ACTIVE_COMPILATION_CONDITIONS = "DEBUG $(inherited)";
				SWIFT_APPROACHABLE_CONCURRENCY = YES;
				SWIFT_DEFAULT_ACTOR_ISOLATION = MainActor;
				SWIFT_EMIT_LOC_STRINGS = YES;
				SWIFT_UPCOMING_FEATURE_MEMBER_IMPORT_VISIBILITY = YES;
				SWIFT_VERSION = 5.0;
				TARGETED_DEVICE_FAMILY = 4;
				WATCHOS_DEPLOYMENT_TARGET = 10.0;
			};
			name = Debug;
		};
		2437AADF2FBC6DBC0067E1F9 /* Release */ = {
			isa = XCBuildConfiguration;
			buildSettings = {
				ASSETCATALOG_COMPILER_APPICON_NAME = AppIcon;
				ASSETCATALOG_COMPILER_GENERATE_SWIFT_ASSET_SYMBOL_EXTENSIONS = YES;
				ASSETCATALOG_COMPILER_GLOBAL_ACCENT_COLOR_NAME = AccentColor;
				CLANG_WARN_DIRECT_OBJC_ISA_USAGE = YES_ERROR;
				CODE_SIGN_STYLE = Automatic;
				CURRENT_PROJECT_VERSION = 3;
				ENABLE_PREVIEWS = YES;
				ENABLE_USER_SCRIPT_SANDBOXING = YES;
				GENERATE_INFOPLIST_FILE = YES;
				INFOPLIST_KEY_CFBundleDisplayName = PingPongWatch;
				INFOPLIST_KEY_UISupportedInterfaceOrientations = "UIInterfaceOrientationPortrait UIInterfaceOrientationPortraitUpsideDown";
				INFOPLIST_KEY_WKCompanionAppBundleIdentifier = com.simo.pingpong;
				LD_RUNPATH_SEARCH_PATHS = (
					"$(inherited)",
					"@executable_path/Frameworks",
				);
				LOCALIZATION_PREFERS_STRING_CATALOGS = YES;
				MARKETING_VERSION = 2.0;
				PRODUCT_BUNDLE_IDENTIFIER = com.simo.pingpong.watchkitapp;
				PRODUCT_NAME = "$(TARGET_NAME)";
				SDKROOT = watchos;
				SKIP_INSTALL = YES;
				STRING_CATALOG_GENERATE_SYMBOLS = YES;
				SWIFT_APPROACHABLE_CONCURRENCY = YES;
				SWIFT_DEFAULT_ACTOR_ISOLATION = MainActor;
				SWIFT_EMIT_LOC_STRINGS = YES;
				SWIFT_UPCOMING_FEATURE_MEMBER_IMPORT_VISIBILITY = YES;
				SWIFT_VERSION = 5.0;
				TARGETED_DEVICE_FAMILY = 4;
				VALIDATE_PRODUCT = YES;
				WATCHOS_DEPLOYMENT_TARGET = 10.0;
			};
			name = Release;
		};
		2437AB002FBC6F9F0067E1F9 /* Debug */ = {
			isa = XCBuildConfiguration;
			buildSettings = {
				ASSETCATALOG_COMPILER_GENERATE_SWIFT_ASSET_SYMBOL_EXTENSIONS = YES;
				ASSETCATALOG_COMPILER_GLOBAL_ACCENT_COLOR_NAME = AccentColor;
				ASSETCATALOG_COMPILER_WIDGET_BACKGROUND_COLOR_NAME = WidgetBackground;
				CLANG_WARN_DIRECT_OBJC_ISA_USAGE = YES_ERROR;
				CODE_SIGN_ENTITLEMENTS = PingPongWidgetExtension.entitlements;
				CODE_SIGN_STYLE = Automatic;
				CURRENT_PROJECT_VERSION = 3;
				ENABLE_USER_SCRIPT_SANDBOXING = YES;
				GENERATE_INFOPLIST_FILE = YES;
				INFOPLIST_FILE = PingPongWidget/Info.plist;
				INFOPLIST_KEY_CFBundleDisplayName = PingPongWidget;
				INFOPLIST_KEY_NSHumanReadableCopyright = "";
				IPHONEOS_DEPLOYMENT_TARGET = 17.0;
				LD_RUNPATH_SEARCH_PATHS = (
					"$(inherited)",
					"@executable_path/Frameworks",
					"@executable_path/../../Frameworks",
				);
				LOCALIZATION_PREFERS_STRING_CATALOGS = YES;
				MARKETING_VERSION = 2.0;
				PRODUCT_BUNDLE_IDENTIFIER = com.simo.pingpong.PingPongWidget;
				PRODUCT_NAME = "$(TARGET_NAME)";
				SKIP_INSTALL = YES;
				STRING_CATALOG_GENERATE_SYMBOLS = YES;
				SWIFT_ACTIVE_COMPILATION_CONDITIONS = "DEBUG $(inherited)";
				SWIFT_APPROACHABLE_CONCURRENCY = YES;
				SWIFT_EMIT_LOC_STRINGS = YES;
				SWIFT_UPCOMING_FEATURE_MEMBER_IMPORT_VISIBILITY = YES;
				SWIFT_VERSION = 5.0;
				TARGETED_DEVICE_FAMILY = "1,2";
			};
			name = Debug;
		};
		2437AB012FBC6F9F0067E1F9 /* Release */ = {
			isa = XCBuildConfiguration;
			buildSettings = {
				ASSETCATALOG_COMPILER_GENERATE_SWIFT_ASSET_SYMBOL_EXTENSIONS = YES;
				ASSETCATALOG_COMPILER_GLOBAL_ACCENT_COLOR_NAME = AccentColor;
				ASSETCATALOG_COMPILER_WIDGET_BACKGROUND_COLOR_NAME = WidgetBackground;
				CLANG_WARN_DIRECT_OBJC_ISA_USAGE = YES_ERROR;
				CODE_SIGN_ENTITLEMENTS = PingPongWidgetExtension.entitlements;
				CODE_SIGN_STYLE = Automatic;
				CURRENT_PROJECT_VERSION = 3;
				ENABLE_USER_SCRIPT_SANDBOXING = YES;
				GENERATE_INFOPLIST_FILE = YES;
				INFOPLIST_FILE = PingPongWidget/Info.plist;
				INFOPLIST_KEY_CFBundleDisplayName = PingPongWidget;
				INFOPLIST_KEY_NSHumanReadableCopyright = "";
				IPHONEOS_DEPLOYMENT_TARGET = 17.0;
				LD_RUNPATH_SEARCH_PATHS = (
					"$(inherited)",
					"@executable_path/Frameworks",
					"@executable_path/../../Frameworks",
				);
				LOCALIZATION_PREFERS_STRING_CATALOGS = YES;
				MARKETING_VERSION = 2.0;
				PRODUCT_BUNDLE_IDENTIFIER = com.simo.pingpong.PingPongWidget;
				PRODUCT_NAME = "$(TARGET_NAME)";
				SKIP_INSTALL = YES;
				STRING_CATALOG_GENERATE_SYMBOLS = YES;
				SWIFT_APPROACHABLE_CONCURRENCY = YES;
				SWIFT_EMIT_LOC_STRINGS = YES;
				SWIFT_UPCOMING_FEATURE_MEMBER_IMPORT_VISIBILITY = YES;
				SWIFT_VERSION = 5.0;
				TARGETED_DEVICE_FAMILY = "1,2";
				VALIDATE_PRODUCT = YES;
			};
			name = Release;
		};
		D600001A2C1E000200000001 /* Debug */ = {
			isa = XCBuildConfiguration;
			buildSettings = {
				ALWAYS_SEARCH_USER_PATHS = NO;
				ASSETCATALOG_COMPILER_GENERATE_SWIFT_ASSET_SYMBOL_EXTENSIONS = YES;
				ASSETCATALOG_COMPILER_GLOBAL_ACCENT_COLOR_NAME = AccentColor;
				CLANG_ANALYZER_NONNULL = YES;
				CLANG_ANALYZER_NUMBER_OBJECT_CONVERSION = YES_AGGRESSIVE;
				CLANG_CXX_LANGUAGE_STANDARD = "gnu++20";
				CLANG_ENABLE_MODULES = YES;
				CLANG_ENABLE_OBJC_ARC = YES;
				CLANG_ENABLE_OBJC_WEAK = YES;
				CLANG_WARN_BLOCK_CAPTURE_AUTORELEASING = YES;
				CLANG_WARN_BOOL_CONVERSION = YES;
				CLANG_WARN_COMMA = YES;
				CLANG_WARN_CONSTANT_CONVERSION = YES;
				CLANG_WARN_DEPRECATED_OBJC_IMPLEMENTATIONS = YES;
				CLANG_WARN_DIRECT_OBJC_PREPROCESSOR_DEFINITIONS = YES;
				CLANG_WARN_DOCUMENTATION_COMMENTS = YES;
				CLANG_WARN_EMPTY_BODY = YES;
				CLANG_WARN_ENUM_CONVERSION = YES;
				CLANG_WARN_INFINITE_RECURSION = YES;
				CLANG_WARN_INT_CONVERSION = YES;
				CLANG_WARN_NON_LITERAL_NULL_CONVERSION = YES;
				CLANG_WARN_OBJC_IMPLICIT_RETAIN_SELF = YES;
				CLANG_WARN_OBJC_LITERAL_CONVERSION = YES;
				CLANG_WARN_OBJC_ROOT_CLASS = YES_ERROR;
				CLANG_WARN_QUOTED_INCLUDE_IN_FRAMEWORK_HEADER = YES;
				CLANG_WARN_RANGE_LOOP_ANALYSIS = YES;
				CLANG_WARN_STRICT_PROTOTYPES = YES;
				CLANG_WARN_SUSPICIOUS_MOVE = YES;
				CLANG_WARN_UNGUARDED_AVAILABILITY = YES_AGGRESSIVE;
				CLANG_WARN_UNREACHABLE_CODE = YES;
				CLANG_WARN__DUPLICATE_METHOD_MATCH = YES;
				COPY_PHASE_STRIP = NO;
				DEBUG_INFORMATION_FORMAT = dwarf;
				DEVELOPMENT_TEAM = 8528AN28A3;
				ENABLE_STRICT_OBJC_MSGSEND = YES;
				ENABLE_TESTABILITY = YES;
				ENABLE_USER_SCRIPT_SANDBOXING = YES;
				GCC_C_LANGUAGE_STANDARD = gnu17;
				GCC_DYNAMIC_NO_PIC = NO;
				GCC_NO_COMMON_BLOCKS = YES;
				GCC_OPTIMIZATION_LEVEL = 0;
				GCC_PREPROCESSOR_DEFINITIONS = (
					"DEBUG=1",
					"$(inherited)",
				);
				GCC_WARN_64_TO_32_BIT_CONVERSION = YES;
				GCC_WARN_ABOUT_RETURN_TYPE = YES_ERROR;
				GCC_WARN_UNDECLARED_SELECTOR = YES;
				GCC_WARN_UNINITIALIZED_AUTOS = YES_AGGRESSIVE;
				GCC_WARN_UNUSED_FUNCTION = YES;
				GCC_WARN_UNUSED_VARIABLE = YES;
				IPHONEOS_DEPLOYMENT_TARGET = 17.0;
				MTL_ENABLE_DEBUG_INFO = INCLUDE_SOURCE;
				MTL_FAST_MATH = YES;
				ONLY_ACTIVE_ARCH = YES;
				SDKROOT = iphoneos;
				STRING_CATALOG_GENERATE_SYMBOLS = YES;
				SWIFT_ACTIVE_COMPILATION_CONDITIONS = DEBUG;
				SWIFT_OPTIMIZATION_LEVEL = "-Onone";
			};
			name = Debug;
		};
		D600001B2C1E000200000001 /* Release */ = {
			isa = XCBuildConfiguration;
			buildSettings = {
				ALWAYS_SEARCH_USER_PATHS = NO;
				ASSETCATALOG_COMPILER_GENERATE_SWIFT_ASSET_SYMBOL_EXTENSIONS = YES;
				ASSETCATALOG_COMPILER_GLOBAL_ACCENT_COLOR_NAME = AccentColor;
				CLANG_ANALYZER_NONNULL = YES;
				CLANG_ANALYZER_NUMBER_OBJECT_CONVERSION = YES_AGGRESSIVE;
				CLANG_CXX_LANGUAGE_STANDARD = "gnu++20";
				CLANG_ENABLE_MODULES = YES;
				CLANG_ENABLE_OBJC_ARC = YES;
				CLANG_ENABLE_OBJC_WEAK = YES;
				CLANG_WARN_BLOCK_CAPTURE_AUTORELEASING = YES;
				CLANG_WARN_BOOL_CONVERSION = YES;
				CLANG_WARN_COMMA = YES;
				CLANG_WARN_CONSTANT_CONVERSION = YES;
				CLANG_WARN_DEPRECATED_OBJC_IMPLEMENTATIONS = YES;
				CLANG_WARN_DIRECT_OBJC_PREPROCESSOR_DEFINITIONS = YES;
				CLANG_WARN_DOCUMENTATION_COMMENTS = YES;
				CLANG_WARN_EMPTY_BODY = YES;
				CLANG_WARN_ENUM_CONVERSION = YES;
				CLANG_WARN_INFINITE_RECURSION = YES;
				CLANG_WARN_INT_CONVERSION = YES;
				CLANG_WARN_NON_LITERAL_NULL_CONVERSION = YES;
				CLANG_WARN_OBJC_IMPLICIT_RETAIN_SELF = YES;
				CLANG_WARN_OBJC_LITERAL_CONVERSION = YES;
				CLANG_WARN_OBJC_ROOT_CLASS = YES_ERROR;
				CLANG_WARN_QUOTED_INCLUDE_IN_FRAMEWORK_HEADER = YES;
				CLANG_WARN_RANGE_LOOP_ANALYSIS = YES;
				CLANG_WARN_STRICT_PROTOTYPES = YES;
				CLANG_WARN_SUSPICIOUS_MOVE = YES;
				CLANG_WARN_UNGUARDED_AVAILABILITY = YES_AGGRESSIVE;
				CLANG_WARN_UNREACHABLE_CODE = YES;
				CLANG_WARN__DUPLICATE_METHOD_MATCH = YES;
				COPY_PHASE_STRIP = NO;
				DEBUG_INFORMATION_FORMAT = "dwarf-with-dsym";
				DEVELOPMENT_TEAM = 8528AN28A3;
				ENABLE_NS_ASSERTIONS = NO;
				ENABLE_STRICT_OBJC_MSGSEND = YES;
				ENABLE_USER_SCRIPT_SANDBOXING = YES;
				GCC_C_LANGUAGE_STANDARD = gnu17;
				GCC_NO_COMMON_BLOCKS = YES;
				GCC_WARN_64_TO_32_BIT_CONVERSION = YES;
				GCC_WARN_ABOUT_RETURN_TYPE = YES_ERROR;
				GCC_WARN_UNDECLARED_SELECTOR = YES;
				GCC_WARN_UNINITIALIZED_AUTOS = YES_AGGRESSIVE;
				GCC_WARN_UNUSED_FUNCTION = YES;
				GCC_WARN_UNUSED_VARIABLE = YES;
				IPHONEOS_DEPLOYMENT_TARGET = 17.0;
				MTL_ENABLE_DEBUG_INFO = NO;
				MTL_FAST_MATH = YES;
				SDKROOT = iphoneos;
				STRING_CATALOG_GENERATE_SYMBOLS = YES;
				SWIFT_COMPILATION_MODE = wholemodule;
				SWIFT_OPTIMIZATION_LEVEL = "-O";
			};
			name = Release;
		};
		D600001C2C1E000200000001 /* Debug */ = {
			isa = XCBuildConfiguration;
			buildSettings = {
				ASSETCATALOG_COMPILER_APPICON_NAME = AppIcon;
				ASSETCATALOG_COMPILER_GLOBAL_ACCENT_COLOR_NAME = AccentColor;
				CODE_SIGN_ENTITLEMENTS = PingPong/PingPong.entitlements;
				CODE_SIGN_STYLE = Automatic;
				CURRENT_PROJECT_VERSION = 3;
				GENERATE_INFOPLIST_FILE = YES;
				INFOPLIST_FILE = PingPong/Info.plist;
				INFOPLIST_KEY_CFBundleDisplayName = "Ping Pong Counter";
				INFOPLIST_KEY_LSApplicationCategoryType = "public.app-category.utilities";
				INFOPLIST_KEY_NSSupportsLiveActivities = YES;
				INFOPLIST_KEY_UILaunchScreen_Generation = YES;
				INFOPLIST_KEY_UISupportedInterfaceOrientations = "UIInterfaceOrientationPortrait UIInterfaceOrientationLandscapeLeft UIInterfaceOrientationLandscapeRight UIInterfaceOrientationPortraitUpsideDown";
				INFOPLIST_KEY_UISupportedInterfaceOrientations_iPad = "UIInterfaceOrientationPortrait UIInterfaceOrientationPortraitUpsideDown UIInterfaceOrientationLandscapeLeft UIInterfaceOrientationLandscapeRight";
				LD_RUNPATH_SEARCH_PATHS = (
					"$(inherited)",
					"@executable_path/Frameworks",
				);
				MARKETING_VERSION = 2.0;
				PRODUCT_BUNDLE_IDENTIFIER = com.simo.pingpong;
				PRODUCT_NAME = "Ping Pong Counter";
				SUPPORTED_PLATFORMS = "iphoneos iphonesimulator";
				SWIFT_EMIT_LOC_STRINGS = YES;
				SWIFT_VERSION = 5.0;
				TARGETED_DEVICE_FAMILY = "1,2";
			};
			name = Debug;
		};
		D600001D2C1E000200000001 /* Release */ = {
			isa = XCBuildConfiguration;
			buildSettings = {
				ASSETCATALOG_COMPILER_APPICON_NAME = AppIcon;
				ASSETCATALOG_COMPILER_GLOBAL_ACCENT_COLOR_NAME = AccentColor;
				CODE_SIGN_ENTITLEMENTS = PingPong/PingPong.entitlements;
				CODE_SIGN_STYLE = Automatic;
				CURRENT_PROJECT_VERSION = 3;
				GENERATE_INFOPLIST_FILE = YES;
				INFOPLIST_FILE = PingPong/Info.plist;
				INFOPLIST_KEY_CFBundleDisplayName = "Ping Pong Counter";
				INFOPLIST_KEY_LSApplicationCategoryType = "public.app-category.utilities";
				INFOPLIST_KEY_NSSupportsLiveActivities = YES;
				INFOPLIST_KEY_UILaunchScreen_Generation = YES;
				INFOPLIST_KEY_UISupportedInterfaceOrientations = "UIInterfaceOrientationPortrait UIInterfaceOrientationLandscapeLeft UIInterfaceOrientationLandscapeRight UIInterfaceOrientationPortraitUpsideDown";
				INFOPLIST_KEY_UISupportedInterfaceOrientations_iPad = "UIInterfaceOrientationPortrait UIInterfaceOrientationPortraitUpsideDown UIInterfaceOrientationLandscapeLeft UIInterfaceOrientationLandscapeRight";
				LD_RUNPATH_SEARCH_PATHS = (
					"$(inherited)",
					"@executable_path/Frameworks",
				);
				MARKETING_VERSION = 2.0;
				PRODUCT_BUNDLE_IDENTIFIER = com.simo.pingpong;
				PRODUCT_NAME = "Ping Pong Counter";
				SUPPORTED_PLATFORMS = "iphoneos iphonesimulator";
				SWIFT_EMIT_LOC_STRINGS = YES;
				SWIFT_VERSION = 5.0;
				TARGETED_DEVICE_FAMILY = "1,2";
			};
			name = Release;
		};
/* End XCBuildConfiguration section */

/* Begin XCConfigurationList section */
		2437AAE02FBC6DBC0067E1F9 /* Build configuration list for PBXNativeTarget "PingPongWatch Watch App" */ = {
			isa = XCConfigurationList;
			buildConfigurations = (
				2437AADE2FBC6DBC0067E1F9 /* Debug */,
				2437AADF2FBC6DBC0067E1F9 /* Release */,
			);
			defaultConfigurationIsVisible = 0;
			defaultConfigurationName = Release;
		};
		2437AAFF2FBC6F9F0067E1F9 /* Build configuration list for PBXNativeTarget "PingPongWidgetExtension" */ = {
			isa = XCConfigurationList;
			buildConfigurations = (
				2437AB002FBC6F9F0067E1F9 /* Debug */,
				2437AB012FBC6F9F0067E1F9 /* Release */,
			);
			defaultConfigurationIsVisible = 0;
			defaultConfigurationName = Release;
		};
		D60000152C1E000200000001 /* Build configuration list for PBXNativeTarget "PingPong" */ = {
			isa = XCConfigurationList;
			buildConfigurations = (
				D600001C2C1E000200000001 /* Debug */,
				D600001D2C1E000200000001 /* Release */,
			);
			defaultConfigurationIsVisible = 0;
			defaultConfigurationName = Release;
		};
		D60000192C1E000200000001 /* Build configuration list for PBXProject "PingPong" */ = {
			isa = XCConfigurationList;
			buildConfigurations = (
				D600001A2C1E000200000001 /* Debug */,
				D600001B2C1E000200000001 /* Release */,
			);
			defaultConfigurationIsVisible = 0;
			defaultConfigurationName = Release;
		};
/* End XCConfigurationList section */
	};
	rootObject = D60000182C1E000200000001 /* Project object */;
}
